
Microsoft Visual Studio Solution File, Format Version 12.00
# Visual Studio 15
VisualStudioVersion = 15.0.27703.2047
MinimumVisualStudioVersion = 10.0.40219.1
Project("{FAE04EC0-301F-11D3-BF4B-00C04F79EFBC}") = "Phoneword.Android", "Phoneword\Phoneword.Android\Phoneword.Android.csproj", "{182DBFD9-E0AD-4787-811E-3F9EFFE1C31F}"
EndProject
Project("{FAE04EC0-301F-11D3-BF4B-00C04F79EFBC}") = "Phoneword.iOS", "Phoneword\Phoneword.iOS\Phoneword.iOS.csproj", "{7EFB2436-3075-4391-83FA-CB8167E2F5CE}"
EndProject
Project("{FAE04EC0-301F-11D3-BF4B-00C04F79EFBC}") = "Phoneword.UWP", "Phoneword\Phoneword.UWP\Phoneword.UWP.csproj", "{4E5B6DA2-53D2-4D47-BCD8-BBA9D69A7295}"
EndProject
Project("{FAE04EC0-301F-11D3-BF4B-00C04F79EFBC}") = "Phoneword", "Phoneword\Phoneword\Phoneword.csproj", "{23A22D9F-BC42-49BC-BD9A-097CF184B2AC}"
EndProject
Global
	GlobalSection(SolutionConfigurationPlatforms) = preSolution
		Ad-Hoc|Any CPU = Ad-Hoc|Any CPU
		Ad-Hoc|ARM = Ad-Hoc|ARM
		Ad-Hoc|iPhone = Ad-Hoc|iPhone
		Ad-Hoc|iPhoneSimulator = Ad-Hoc|iPhoneSimulator
		Ad-Hoc|x64 = Ad-Hoc|x64
		Ad-Hoc|x86 = Ad-Hoc|x86
		AppStore|Any CPU = AppStore|Any CPU
		AppStore|ARM = AppStore|ARM
		AppStore|iPhone = AppStore|iPhone
		AppStore|iPhoneSimulator = AppStore|iPhoneSimulator
		AppStore|x64 = AppStore|x64
		AppStore|x86 = AppStore|x86
		Debug|Any CPU = Debug|Any CPU
		Debug|ARM = Debug|ARM
		Debug|iPhone = Debug|iPhone
		Debug|iPhoneSimulator = Debug|iPhoneSimulator
		Debug|x64 = Debug|x64
		Debug|x86 = Debug|x86
		Release|Any CPU = Release|Any CPU
		Release|ARM = Release|ARM
		Release|iPhone = Release|iPhone
		Release|iPhoneSimulator = Release|iPhoneSimulator
		Release|x64 = Release|x64
		Release|x86 = Release|x86
	EndGlobalSection
	GlobalSection(ProjectConfigurationPlatforms) = postSolution
		{182DBFD9-E0AD-4787-811E-3F9EFFE1C31F}.Ad-Hoc|Any CPU.ActiveCfg = Release|Any CPU
		{182DBFD9-E0AD-4787-811E-3F9EFFE1C31F}.Ad-Hoc|Any CPU.Build.0 = Release|Any CPU
		{182DBFD9-E0AD-4787-811E-3F9EFFE1C31F}.Ad-Hoc|Any CPU.Deploy.0 = Release|Any CPU
		{182DBFD9-E0AD-4787-811E-3F9EFFE1C31F}.Ad-Hoc|ARM.ActiveCfg = Release|Any CPU
		{182DBFD9-E0AD-4787-811E-3F9EFFE1C31F}.Ad-Hoc|ARM.Build.0 = Release|Any CPU
		{182DBFD9-E0AD-4787-811E-3F9EFFE1C31F}.Ad-Hoc|ARM.Deploy.0 = Release|Any CPU
		{182DBFD9-E0AD-4787-811E-3F9EFFE1C31F}.Ad-Hoc|iPhone.ActiveCfg = Release|Any CPU
		{182DBFD9-E0AD-4787-811E-3F9EFFE1C31F}.Ad-Hoc|iPhone.Build.0 = Release|Any CPU
		{182DBFD9-E0AD-4787-811E-3F9EFFE1C31F}.Ad-Hoc|iPhone.Deploy.0 = Release|Any CPU
		{182DBFD9-E0AD-4787-811E-3F9EFFE1C31F}.Ad-Hoc|iPhoneSimulator.ActiveCfg = Release|Any CPU
		{182DBFD9-E0AD-4787-811E-3F9EFFE1C31F}.Ad-Hoc|iPhoneSimulator.Build.0 = Release|Any CPU
		{182DBFD9-E0AD-4787-811E-3F9EFFE1C31F}.Ad-Hoc|iPhoneSimulator.Deploy.0 = Release|Any CPU
		{182DBFD9-E0AD-4787-811E-3F9EFFE1C31F}.Ad-Hoc|x64.ActiveCfg = Release|Any CPU
		{182DBFD9-E0AD-4787-811E-3F9EFFE1C31F}.Ad-Hoc|x64.Build.0 = Release|Any CPU
		{182DBFD9-E0AD-4787-811E-3F9EFFE1C31F}.Ad-Hoc|x64.Deploy.0 = Release|Any CPU
		{182DBFD9-E0AD-4787-811E-3F9EFFE1C31F}.Ad-Hoc|x86.ActiveCfg = Release|Any CPU
		{182DBFD9-E0AD-4787-811E-3F9EFFE1C31F}.Ad-Hoc|x86.Build.0 = Release|Any CPU
		{182DBFD9-E0AD-4787-811E-3F9EFFE1C31F}.Ad-Hoc|x86.Deploy.0 = Release|Any CPU
		{182DBFD9-E0AD-4787-811E-3F9EFFE1C31F}.AppStore|Any CPU.ActiveCfg = Release|Any CPU
		{182DBFD9-E0AD-4787-811E-3F9EFFE1C31F}.AppStore|Any CPU.Build.0 = Release|Any CPU
		{182DBFD9-E0AD-4787-811E-3F9EFFE1C31F}.AppStore|Any CPU.Deploy.0 = Release|Any CPU
		{182DBFD9-E0AD-4787-811E-3F9EFFE1C31F}.AppStore|ARM.ActiveCfg = Release|Any CPU
		{182DBFD9-E0AD-4787-811E-3F9EFFE1C31F}.AppStore|ARM.Build.0 = Release|Any CPU
		{182DBFD9-E0AD-4787-811E-3F9EFFE1C31F}.AppStore|ARM.Deploy.0 = Release|Any CPU
		{182DBFD9-E0AD-4787-811E-3F9EFFE1C31F}.AppStore|iPhone.ActiveCfg = Release|Any CPU
		{182DBFD9-E0AD-4787-811E-3F9EFFE1C31F}.AppStore|iPhone.Build.0 = Release|Any CPU
		{182DBFD9-E0AD-4787-811E-3F9EFFE1C31F}.AppStore|iPhone.Deploy.0 = Release|Any CPU
		{182DBFD9-E0AD-4787-811E-3F9EFFE1C31F}.AppStore|iPhoneSimulator.ActiveCfg = Release|Any CPU
		{182DBFD9-E0AD-4787-811E-3F9EFFE1C31F}.AppStore|iPhoneSimulator.Build.0 = Release|Any CPU
		{182DBFD9-E0AD-4787-811E-3F9EFFE1C31F}.AppStore|iPhoneSimulator.Deploy.0 = Release|Any CPU
		{182DBFD9-E0AD-4787-811E-3F9EFFE1C31F}.AppStore|x64.ActiveCfg = Release|Any CPU
		{182DBFD9-E0AD-4787-811E-3F9EFFE1C31F}.AppStore|x64.Build.0 = Release|Any CPU
		{182DBFD9-E0AD-4787-811E-3F9EFFE1C31F}.AppStore|x64.Deploy.0 = Release|Any CPU
		{182DBFD9-E0AD-4787-811E-3F9EFFE1C31F}.AppStore|x86.ActiveCfg = Release|Any CPU
		{182DBFD9-E0AD-4787-811E-3F9EFFE1C31F}.AppStore|x86.Build.0 = Release|Any CPU
		{182DBFD9-E0AD-4787-811E-3F9EFFE1C31F}.AppStore|x86.Deploy.0 = Release|Any CPU
		{182DBFD9-E0AD-4787-811E-3F9EFFE1C31F}.Debug|Any CPU.ActiveCfg = Debug|Any CPU
		{182DBFD9-E0AD-4787-811E-3F9EFFE1C31F}.Debug|Any CPU.Build.0 = Debug|Any CPU
		{182DBFD9-E0AD-4787-811E-3F9EFFE1C31F}.Debug|Any CPU.Deploy.0 = Debug|Any CPU
		{182DBFD9-E0AD-4787-811E-3F9EFFE1C31F}.Debug|ARM.ActiveCfg = Debug|Any CPU
		{182DBFD9-E0AD-4787-811E-3F9EFFE1C31F}.Debug|ARM.Build.0 = Debug|Any CPU
		{182DBFD9-E0AD-4787-811E-3F9EFFE1C31F}.Debug|ARM.Deploy.0 = Debug|Any CPU
		{182DBFD9-E0AD-4787-811E-3F9EFFE1C31F}.Debug|iPhone.ActiveCfg = Debug|Any CPU
		{182DBFD9-E0AD-4787-811E-3F9EFFE1C31F}.Debug|iPhone.Build.0 = Debug|Any CPU
		{182DBFD9-E0AD-4787-811E-3F9EFFE1C31F}.Debug|iPhone.Deploy.0 = Debug|Any CPU
		{182DBFD9-E0AD-4787-811E-3F9EFFE1C31F}.Debug|iPhoneSimulator.ActiveCfg = Debug|Any CPU
		{182DBFD9-E0AD-4787-811E-3F9EFFE1C31F}.Debug|iPhoneSimulator.Build.0 = Debug|Any CPU
		{182DBFD9-E0AD-4787-811E-3F9EFFE1C31F}.Debug|iPhoneSimulator.Deploy.0 = Debug|Any CPU
		{182DBFD9-E0AD-4787-811E-3F9EFFE1C31F}.Debug|x64.ActiveCfg = Debug|Any CPU
		{182DBFD9-E0AD-4787-811E-3F9EFFE1C31F}.Debug|x64.Build.0 = Debug|Any CPU
		{182DBFD9-E0AD-4787-811E-3F9EFFE1C31F}.Debug|x64.Deploy.0 = Debug|Any CPU
		{182DBFD9-E0AD-4787-811E-3F9EFFE1C31F}.Debug|x86.ActiveCfg = Debug|Any CPU
		{182DBFD9-E0AD-4787-811E-3F9EFFE1C31F}.Debug|x86.Build.0 = Debug|Any CPU
		{182DBFD9-E0AD-4787-811E-3F9EFFE1C31F}.Debug|x86.Deploy.0 = Debug|Any CPU
		{182DBFD9-E0AD-4787-811E-3F9EFFE1C31F}.Release|Any CPU.ActiveCfg = Release|Any CPU
		{182DBFD9-E0AD-4787-811E-3F9EFFE1C31F}.Release|Any CPU.Build.0 = Release|Any CPU
		{182DBFD9-E0AD-4787-811E-3F9EFFE1C31F}.Release|Any CPU.Deploy.0 = Release|Any CPU
		{182DBFD9-E0AD-4787-811E-3F9EFFE1C31F}.Release|ARM.ActiveCfg = Release|Any CPU
		{182DBFD9-E0AD-4787-811E-3F9EFFE1C31F}.Release|ARM.Build.0 = Release|Any CPU
		{182DBFD9-E0AD-4787-811E-3F9EFFE1C31F}.Release|ARM.Deploy.0 = Release|Any CPU
		{182DBFD9-E0AD-4787-811E-3F9EFFE1C31F}.Release|iPhone.ActiveCfg = Release|Any CPU
		{182DBFD9-E0AD-4787-811E-3F9EFFE1C31F}.Release|iPhone.Build.0 = Release|Any CPU
		{182DBFD9-E0AD-4787-811E-3F9EFFE1C31F}.Release|iPhone.Deploy.0 = Release|Any CPU
		{182DBFD9-E0AD-4787-811E-3F9EFFE1C31F}.Release|iPhoneSimulator.ActiveCfg = Release|Any CPU
		{182DBFD9-E0AD-4787-811E-3F9EFFE1C31F}.Release|iPhoneSimulator.Build.0 = Release|Any CPU
		{182DBFD9-E0AD-4787-811E-3F9EFFE1C31F}.Release|iPhoneSimulator.Deploy.0 = Release|Any CPU
		{182DBFD9-E0AD-4787-811E-3F9EFFE1C31F}.Release|x64.ActiveCfg = Release|Any CPU
		{182DBFD9-E0AD-4787-811E-3F9EFFE1C31F}.Release|x64.Build.0 = Release|Any CPU
		{182DBFD9-E0AD-4787-811E-3F9EFFE1C31F}.Release|x64.Deploy.0 = Release|Any CPU
		{182DBFD9-E0AD-4787-811E-3F9EFFE1C31F}.Release|x86.ActiveCfg = Release|Any CPU
		{182DBFD9-E0AD-4787-811E-3F9EFFE1C31F}.Release|x86.Build.0 = Release|Any CPU
		{182DBFD9-E0AD-4787-811E-3F9EFFE1C31F}.Release|x86.Deploy.0 = Release|Any CPU
		{7EFB2436-3075-4391-83FA-CB8167E2F5CE}.Ad-Hoc|Any CPU.ActiveCfg = Ad-Hoc|iPhone
		{7EFB2436-3075-4391-83FA-CB8167E2F5CE}.Ad-Hoc|Any CPU.Build.0 = Ad-Hoc|iPhone
		{7EFB2436-3075-4391-83FA-CB8167E2F5CE}.Ad-Hoc|Any CPU.Deploy.0 = Ad-Hoc|iPhone
		{7EFB2436-3075-4391-83FA-CB8167E2F5CE}.Ad-Hoc|ARM.ActiveCfg = Ad-Hoc|iPhone
		{7EFB2436-3075-4391-83FA-CB8167E2F5CE}.Ad-Hoc|ARM.Build.0 = Ad-Hoc|iPhone
		{7EFB2436-3075-4391-83FA-CB8167E2F5CE}.Ad-Hoc|ARM.Deploy.0 = Ad-Hoc|iPhone
		{7EFB2436-3075-4391-83FA-CB8167E2F5CE}.Ad-Hoc|iPhone.ActiveCfg = Ad-Hoc|iPhone
		{7EFB2436-3075-4391-83FA-CB8167E2F5CE}.Ad-Hoc|iPhone.Build.0 = Ad-Hoc|iPhone
		{7EFB2436-3075-4391-83FA-CB8167E2F5CE}.Ad-Hoc|iPhone.Deploy.0 = Ad-Hoc|iPhone
		{7EFB2436-3075-4391-83FA-CB8167E2F5CE}.Ad-Hoc|iPhoneSimulator.ActiveCfg = Ad-Hoc|iPhoneSimulator
		{7EFB2436-3075-4391-83FA-CB8167E2F5CE}.Ad-Hoc|iPhoneSimulator.Build.0 = Ad-Hoc|iPhoneSimulator
		{7EFB2436-3075-4391-83FA-CB8167E2F5CE}.Ad-Hoc|iPhoneSimulator.Deploy.0 = Ad-Hoc|iPhoneSimulator
		{7EFB2436-3075-4391-83FA-CB8167E2F5CE}.Ad-Hoc|x64.ActiveCfg = Ad-Hoc|iPhone
		{7EFB2436-3075-4391-83FA-CB8167E2F5CE}.Ad-Hoc|x64.Build.0 = Ad-Hoc|iPhone
		{7EFB2436-3075-4391-83FA-CB8167E2F5CE}.Ad-Hoc|x64.Deploy.0 = Ad-Hoc|iPhone
		{7EFB2436-3075-4391-83FA-CB8167E2F5CE}.Ad-Hoc|x86.ActiveCfg = Ad-Hoc|iPhone
		{7EFB2436-3075-4391-83FA-CB8167E2F5CE}.Ad-Hoc|x86.Build.0 = Ad-Hoc|iPhone
		{7EFB2436-3075-4391-83FA-CB8167E2F5CE}.Ad-Hoc|x86.Deploy.0 = Ad-Hoc|iPhone
		{7EFB2436-3075-4391-83FA-CB8167E2F5CE}.AppStore|Any CPU.ActiveCfg = AppStore|iPhone
		{7EFB2436-3075-4391-83FA-CB8167E2F5CE}.AppStore|Any CPU.Build.0 = AppStore|iPhone
		{7EFB2436-3075-4391-83FA-CB8167E2F5CE}.AppStore|Any CPU.Deploy.0 = AppStore|iPhone
		{7EFB2436-3075-4391-83FA-CB8167E2F5CE}.AppStore|ARM.ActiveCfg = AppStore|iPhone
		{7EFB2436-3075-4391-83FA-CB8167E2F5CE}.AppStore|ARM.Build.0 = AppStore|iPhone
		{7EFB2436-3075-4391-83FA-CB8167E2F5CE}.AppStore|ARM.Deploy.0 = AppStore|iPhone
		{7EFB2436-3075-4391-83FA-CB8167E2F5CE}.AppStore|iPhone.ActiveCfg = AppStore|iPhone
		{7EFB2436-3075-4391-83FA-CB8167E2F5CE}.AppStore|iPhone.Build.0 = AppStore|iPhone
		{7EFB2436-3075-4391-83FA-CB8167E2F5CE}.AppStore|iPhone.Deploy.0 = AppStore|iPhone
		{7EFB2436-3075-4391-83FA-CB8167E2F5CE}.AppStore|iPhoneSimulator.ActiveCfg = AppStore|iPhoneSimulator
		{7EFB2436-3075-4391-83FA-CB8167E2F5CE}.AppStore|iPhoneSimulator.Build.0 = AppStore|iPhoneSimulator
		{7EFB2436-3075-4391-83FA-CB8167E2F5CE}.AppStore|iPhoneSimulator.Deploy.0 = AppStore|iPhoneSimulator
		{7EFB2436-3075-4391-83FA-CB8167E2F5CE}.AppStore|x64.ActiveCfg = AppStore|iPhone
		{7EFB2436-3075-4391-83FA-CB8167E2F5CE}.AppStore|x64.Build.0 = AppStore|iPhone
		{7EFB2436-3075-4391-83FA-CB8167E2F5CE}.AppStore|x64.Deploy.0 = AppStore|iPhone
		{7EFB2436-3075-4391-83FA-CB8167E2F5CE}.AppStore|x86.ActiveCfg = AppStore|iPhone
		{7EFB2436-3075-4391-83FA-CB8167E2F5CE}.AppStore|x86.Build.0 = AppStore|iPhone
		{7EFB2436-3075-4391-83FA-CB8167E2F5CE}.AppStore|x86.Deploy.0 = AppStore|iPhone
		{7EFB2436-3075-4391-83FA-CB8167E2F5CE}.Debug|Any CPU.ActiveCfg = Debug|iPhoneSimulator
		{7EFB2436-3075-4391-83FA-CB8167E2F5CE}.Debug|Any CPU.Build.0 = Debug|iPhoneSimulator
		{7EFB2436-3075-4391-83FA-CB8167E2F5CE}.Debug|Any CPU.Deploy.0 = Debug|iPhoneSimulator
		{7EFB2436-3075-4391-83FA-CB8167E2F5CE}.Debug|ARM.ActiveCfg = Debug|iPhone
		{7EFB2436-3075-4391-83FA-CB8167E2F5CE}.Debug|ARM.Build.0 = Debug|iPhone
		{7EFB2436-3075-4391-83FA-CB8167E2F5CE}.Debug|ARM.Deploy.0 = Debug|iPhone
		{7EFB2436-3075-4391-83FA-CB8167E2F5CE}.Debug|iPhone.ActiveCfg = Debug|iPhone
		{7EFB2436-3075-4391-83FA-CB8167E2F5CE}.Debug|iPhone.Build.0 = Debug|iPhone
		{7EFB2436-3075-4391-83FA-CB8167E2F5CE}.Debug|iPhone.Deploy.0 = Debug|iPhone
		{7EFB2436-3075-4391-83FA-CB8167E2F5CE}.Debug|iPhoneSimulator.ActiveCfg = Debug|iPhoneSimulator
		{7EFB2436-3075-4391-83FA-CB8167E2F5CE}.Debug|iPhoneSimulator.Build.0 = Debug|iPhoneSimulator
		{7EFB2436-3075-4391-83FA-CB8167E2F5CE}.Debug|iPhoneSimulator.Deploy.0 = Debug|iPhoneSimulator
		{7EFB2436-3075-4391-83FA-CB8167E2F5CE}.Debug|x64.ActiveCfg = Debug|iPhone
		{7EFB2436-3075-4391-83FA-CB8167E2F5CE}.Debug|x64.Build.0 = Debug|iPhone
		{7EFB2436-3075-4391-83FA-CB8167E2F5CE}.Debug|x64.Deploy.0 = Debug|iPhone
		{7EFB2436-3075-4391-83FA-CB8167E2F5CE}.Debug|x86.ActiveCfg = Debug|iPhone
		{7EFB2436-3075-4391-83FA-CB8167E2F5CE}.Debug|x86.Build.0 = Debug|iPhone
		{7EFB2436-3075-4391-83FA-CB8167E2F5CE}.Debug|x86.Deploy.0 = Debug|iPhone
		{7EFB2436-3075-4391-83FA-CB8167E2F5CE}.Release|Any CPU.ActiveCfg = Release|iPhone
		{7EFB2436-3075-4391-83FA-CB8167E2F5CE}.Release|Any CPU.Build.0 = Release|iPhone
		{7EFB2436-3075-4391-83FA-CB8167E2F5CE}.Release|Any CPU.Deploy.0 = Release|iPhone
		{7EFB2436-3075-4391-83FA-CB8167E2F5CE}.Release|ARM.ActiveCfg = Release|iPhone
		{7EFB2436-3075-4391-83FA-CB8167E2F5CE}.Release|ARM.Build.0 = Release|iPhone
		{7EFB2436-3075-4391-83FA-CB8167E2F5CE}.Release|ARM.Deploy.0 = Release|iPhone
		{7EFB2436-3075-4391-83FA-CB8167E2F5CE}.Release|iPhone.ActiveCfg = Release|iPhone
		{7EFB2436-3075-4391-83FA-CB8167E2F5CE}.Release|iPhone.Build.0 = Release|iPhone
		{7EFB2436-3075-4391-83FA-CB8167E2F5CE}.Release|iPhone.Deploy.0 = Release|iPhone
		{7EFB2436-3075-4391-83FA-CB8167E2F5CE}.Release|iPhoneSimulator.ActiveCfg = Release|iPhoneSimulator
		{7EFB2436-3075-4391-83FA-CB8167E2F5CE}.Release|iPhoneSimulator.Build.0 = Release|iPhoneSimulator
		{7EFB2436-3075-4391-83FA-CB8167E2F5CE}.Release|iPhoneSimulator.Deploy.0 = Release|iPhoneSimulator
		{7EFB2436-3075-4391-83FA-CB8167E2F5CE}.Release|x64.ActiveCfg = Release|iPhone
		{7EFB2436-3075-4391-83FA-CB8167E2F5CE}.Release|x64.Build.0 = Release|iPhone
		{7EFB2436-3075-4391-83FA-CB8167E2F5CE}.Release|x64.Deploy.0 = Release|iPhone
		{7EFB2436-3075-4391-83FA-CB8167E2F5CE}.Release|x86.ActiveCfg = Release|iPhone
		{7EFB2436-3075-4391-83FA-CB8167E2F5CE}.Release|x86.Build.0 = Release|iPhone
		{7EFB2436-3075-4391-83FA-CB8167E2F5CE}.Release|x86.Deploy.0 = Release|iPhone
		{4E5B6DA2-53D2-4D47-BCD8-BBA9D69A7295}.Ad-Hoc|Any CPU.ActiveCfg = Release|x86
		{4E5B6DA2-53D2-4D47-BCD8-BBA9D69A7295}.Ad-Hoc|Any CPU.Build.0 = Release|x86
		{4E5B6DA2-53D2-4D47-BCD8-BBA9D69A7295}.Ad-Hoc|Any CPU.Deploy.0 = Release|x86
		{4E5B6DA2-53D2-4D47-BCD8-BBA9D69A7295}.Ad-Hoc|ARM.ActiveCfg = Release|ARM
		{4E5B6DA2-53D2-4D47-BCD8-BBA9D69A7295}.Ad-Hoc|ARM.Build.0 = Release|ARM
		{4E5B6DA2-53D2-4D47-BCD8-BBA9D69A7295}.Ad-Hoc|ARM.Deploy.0 = Release|ARM
		{4E5B6DA2-53D2-4D47-BCD8-BBA9D69A7295}.Ad-Hoc|iPhone.ActiveCfg = Release|x86
		{4E5B6DA2-53D2-4D47-BCD8-BBA9D69A7295}.Ad-Hoc|iPhone.Build.0 = Release|x86
		{4E5B6DA2-53D2-4D47-BCD8-BBA9D69A7295}.Ad-Hoc|iPhone.Deploy.0 = Release|x86
		{4E5B6DA2-53D2-4D47-BCD8-BBA9D69A7295}.Ad-Hoc|iPhoneSimulator.ActiveCfg = Release|x86
		{4E5B6DA2-53D2-4D47-BCD8-BBA9D69A7295}.Ad-Hoc|iPhoneSimulator.Build.0 = Release|x86
		{4E5B6DA2-53D2-4D47-BCD8-BBA9D69A7295}.Ad-Hoc|iPhoneSimulator.Deploy.0 = Release|x86
		{4E5B6DA2-53D2-4D47-BCD8-BBA9D69A7295}.Ad-Hoc|x64.ActiveCfg = Release|x64
		{4E5B6DA2-53D2-4D47-BCD8-BBA9D69A7295}.Ad-Hoc|x64.Build.0 = Release|x64
		{4E5B6DA2-53D2-4D47-BCD8-BBA9D69A7295}.Ad-Hoc|x64.Deploy.0 = Release|x64
		{4E5B6DA2-53D2-4D47-BCD8-BBA9D69A7295}.Ad-Hoc|x86.ActiveCfg = Release|x86
		{4E5B6DA2-53D2-4D47-BCD8-BBA9D69A7295}.Ad-Hoc|x86.Build.0 = Release|x86
		{4E5B6DA2-53D2-4D47-BCD8-BBA9D69A7295}.Ad-Hoc|x86.Deploy.0 = Release|x86
		{4E5B6DA2-53D2-4D47-BCD8-BBA9D69A7295}.AppStore|Any CPU.ActiveCfg = Release|x86
		{4E5B6DA2-53D2-4D47-BCD8-BBA9D69A7295}.AppStore|Any CPU.Build.0 = Release|x86
		{4E5B6DA2-53D2-4D47-BCD8-BBA9D69A7295}.AppStore|Any CPU.Deploy.0 = Release|x86
		{4E5B6DA2-53D2-4D47-BCD8-BBA9D69A7295}.AppStore|ARM.ActiveCfg = Release|ARM
		{4E5B6DA2-53D2-4D47-BCD8-BBA9D69A7295}.AppStore|ARM.Build.0 = Release|ARM
		{4E5B6DA2-53D2-4D47-BCD8-BBA9D69A7295}.AppStore|ARM.Deploy.0 = Release|ARM
		{4E5B6DA2-53D2-4D47-BCD8-BBA9D69A7295}.AppStore|iPhone.ActiveCfg = Release|x86
		{4E5B6DA2-53D2-4D47-BCD8-BBA9D69A7295}.AppStore|iPhone.Build.0 = Release|x86
		{4E5B6DA2-53D2-4D47-BCD8-BBA9D69A7295}.AppStore|iPhone.Deploy.0 = Release|x86
		{4E5B6DA2-53D2-4D47-BCD8-BBA9D69A7295}.AppStore|iPhoneSimulator.ActiveCfg = Release|x86
		{4E5B6DA2-53D2-4D47-BCD8-BBA9D69A7295}.AppStore|iPhoneSimulator.Build.0 = Release|x86
		{4E5B6DA2-53D2-4D47-BCD8-BBA9D69A7295}.AppStore|iPhoneSimulator.Deploy.0 = Release|x86
		{4E5B6DA2-53D2-4D47-BCD8-BBA9D69A7295}.AppStore|x64.ActiveCfg = Release|x64
		{4E5B6DA2-53D2-4D47-BCD8-BBA9D69A7295}.AppStore|x64.Build.0 = Release|x64
		{4E5B6DA2-53D2-4D47-BCD8-BBA9D69A7295}.AppStore|x64.Deploy.0 = Release|x64
		{4E5B6DA2-53D2-4D47-BCD8-BBA9D69A7295}.AppStore|x86.ActiveCfg = Release|x86
		{4E5B6DA2-53D2-4D47-BCD8-BBA9D69A7295}.AppStore|x86.Build.0 = Release|x86
		{4E5B6DA2-53D2-4D47-BCD8-BBA9D69A7295}.AppStore|x86.Deploy.0 = Release|x86
		{4E5B6DA2-53D2-4D47-BCD8-BBA9D69A7295}.Debug|Any CPU.ActiveCfg = Debug|x86
		{4E5B6DA2-53D2-4D47-BCD8-BBA9D69A7295}.Debug|Any CPU.Build.0 = Debug|x86
		{4E5B6DA2-53D2-4D47-BCD8-BBA9D69A7295}.Debug|Any CPU.Deploy.0 = Debug|x86
		{4E5B6DA2-53D2-4D47-BCD8-BBA9D69A7295}.Debug|ARM.ActiveCfg = Debug|ARM
		{4E5B6DA2-53D2-4D47-BCD8-BBA9D69A7295}.Debug|ARM.Build.0 = Debug|ARM
		{4E5B6DA2-53D2-4D47-BCD8-BBA9D69A7295}.Debug|ARM.Deploy.0 = Debug|ARM
		{4E5B6DA2-53D2-4D47-BCD8-BBA9D69A7295}.Debug|iPhone.ActiveCfg = Debug|x86
		{4E5B6DA2-53D2-4D47-BCD8-BBA9D69A7295}.Debug|iPhone.Build.0 = Debug|x86
		{4E5B6DA2-53D2-4D47-BCD8-BBA9D69A7295}.Debug|iPhone.Deploy.0 = Debug|x86
		{4E5B6DA2-53D2-4D47-BCD8-BBA9D69A7295}.Debug|iPhoneSimulator.ActiveCfg = Debug|x86
		{4E5B6DA2-53D2-4D47-BCD8-BBA9D69A7295}.Debug|iPhoneSimulator.Build.0 = Debug|x86
		{4E5B6DA2-53D2-4D47-BCD8-BBA9D69A7295}.Debug|iPhoneSimulator.Deploy.0 = Debug|x86
		{4E5B6DA2-53D2-4D47-BCD8-BBA9D69A7295}.Debug|x64.ActiveCfg = Debug|x64
		{4E5B6DA2-53D2-4D47-BCD8-BBA9D69A7295}.Debug|x64.Build.0 = Debug|x64
		{4E5B6DA2-53D2-4D47-BCD8-BBA9D69A7295}.Debug|x64.Deploy.0 = Debug|x64
		{4E5B6DA2-53D2-4D47-BCD8-BBA9D69A7295}.Debug|x86.ActiveCfg = Debug|x86
		{4E5B6DA2-53D2-4D47-BCD8-BBA9D69A7295}.Debug|x86.Build.0 = Debug|x86
		{4E5B6DA2-53D2-4D47-BCD8-BBA9D69A7295}.Debug|x86.Deploy.0 = Debug|x86
		{4E5B6DA2-53D2-4D47-BCD8-BBA9D69A7295}.Release|Any CPU.ActiveCfg = Release|x86
		{4E5B6DA2-53D2-4D47-BCD8-BBA9D69A7295}.Release|Any CPU.Build.0 = Release|x86
		{4E5B6DA2-53D2-4D47-BCD8-BBA9D69A7295}.Release|Any CPU.Deploy.0 = Release|x86
		{4E5B6DA2-53D2-4D47-BCD8-BBA9D69A7295}.Release|ARM.ActiveCfg = Release|ARM
		{4E5B6DA2-53D2-4D47-BCD8-BBA9D69A7295}.Release|ARM.Build.0 = Release|ARM
		{4E5B6DA2-53D2-4D47-BCD8-BBA9D69A7295}.Release|ARM.Deploy.0 = Release|ARM
		{4E5B6DA2-53D2-4D47-BCD8-BBA9D69A7295}.Release|iPhone.ActiveCfg = Release|x86
		{4E5B6DA2-53D2-4D47-BCD8-BBA9D69A7295}.Release|iPhone.Build.0 = Release|x86
		{4E5B6DA2-53D2-4D47-BCD8-BBA9D69A7295}.Release|iPhone.Deploy.0 = Release|x86
		{4E5B6DA2-53D2-4D47-BCD8-BBA9D69A7295}.Release|iPhoneSimulator.ActiveCfg = Release|x86
		{4E5B6DA2-53D2-4D47-BCD8-BBA9D69A7295}.Release|iPhoneSimulator.Build.0 = Release|x86
		{4E5B6DA2-53D2-4D47-BCD8-BBA9D69A7295}.Release|iPhoneSimulator.Deploy.0 = Release|x86
		{4E5B6DA2-53D2-4D47-BCD8-BBA9D69A7295}.Release|x64.ActiveCfg = Release|x64
		{4E5B6DA2-53D2-4D47-BCD8-BBA9D69A7295}.Release|x64.Build.0 = Release|x64
		{4E5B6DA2-53D2-4D47-BCD8-BBA9D69A7295}.Release|x64.Deploy.0 = Release|x64
		{4E5B6DA2-53D2-4D47-BCD8-BBA9D69A7295}.Release|x86.ActiveCfg = Release|x86
		{4E5B6DA2-53D2-4D47-BCD8-BBA9D69A7295}.Release|x86.Build.0 = Release|x86
		{4E5B6DA2-53D2-4D47-BCD8-BBA9D69A7295}.Release|x86.Deploy.0 = Release|x86
		{23A22D9F-BC42-49BC-BD9A-097CF184B2AC}.Ad-Hoc|Any CPU.ActiveCfg = Debug|Any CPU
		{23A22D9F-BC42-49BC-BD9A-097CF184B2AC}.Ad-Hoc|Any CPU.Build.0 = Debug|Any CPU
		{23A22D9F-BC42-49BC-BD9A-097CF184B2AC}.Ad-Hoc|Any CPU.Deploy.0 = Debug|Any CPU
		{23A22D9F-BC42-49BC-BD9A-097CF184B2AC}.Ad-Hoc|ARM.ActiveCfg = Debug|Any CPU
		{23A22D9F-BC42-49BC-BD9A-097CF184B2AC}.Ad-Hoc|ARM.Build.0 = Debug|Any CPU
		{23A22D9F-BC42-49BC-BD9A-097CF184B2AC}.Ad-Hoc|ARM.Deploy.0 = Debug|Any CPU
		{23A22D9F-BC42-49BC-BD9A-097CF184B2AC}.Ad-Hoc|iPhone.ActiveCfg = Debug|Any CPU
		{23A22D9F-BC42-49BC-BD9A-097CF184B2AC}.Ad-Hoc|iPhone.Build.0 = Debug|Any CPU
		{23A22D9F-BC42-49BC-BD9A-097CF184B2AC}.Ad-Hoc|iPhone.Deploy.0 = Debug|Any CPU
		{23A22D9F-BC42-49BC-BD9A-097CF184B2AC}.Ad-Hoc|iPhoneSimulator.ActiveCfg = Debug|Any CPU
		{23A22D9F-BC42-49BC-BD9A-097CF184B2AC}.Ad-Hoc|iPhoneSimulator.Build.0 = Debug|Any CPU
		{23A22D9F-BC42-49BC-BD9A-097CF184B2AC}.Ad-Hoc|iPhoneSimulator.Deploy.0 = Debug|Any CPU
		{23A22D9F-BC42-49BC-BD9A-097CF184B2AC}.Ad-Hoc|x64.ActiveCfg = Debug|Any CPU
		{23A22D9F-BC42-49BC-BD9A-097CF184B2AC}.Ad-Hoc|x64.Build.0 = Debug|Any CPU
		{23A22D9F-BC42-49BC-BD9A-097CF184B2AC}.Ad-Hoc|x64.Deploy.0 = Debug|Any CPU
		{23A22D9F-BC42-49BC-BD9A-097CF184B2AC}.Ad-Hoc|x86.ActiveCfg = Debug|Any CPU
		{23A22D9F-BC42-49BC-BD9A-097CF184B2AC}.Ad-Hoc|x86.Build.0 = Debug|Any CPU
		{23A22D9F-BC42-49BC-BD9A-097CF184B2AC}.Ad-Hoc|x86.Deploy.0 = Debug|Any CPU
		{23A22D9F-BC42-49BC-BD9A-097CF184B2AC}.AppStore|Any CPU.ActiveCfg = Debug|Any CPU
		{23A22D9F-BC42-49BC-BD9A-097CF184B2AC}.AppStore|Any CPU.Build.0 = Debug|Any CPU
		{23A22D9F-BC42-49BC-BD9A-097CF184B2AC}.AppStore|Any CPU.Deploy.0 = Debug|Any CPU
		{23A22D9F-BC42-49BC-BD9A-097CF184B2AC}.AppStore|ARM.ActiveCfg = Debug|Any CPU
		{23A22D9F-BC42-49BC-BD9A-097CF184B2AC}.AppStore|ARM.Build.0 = Debug|Any CPU
		{23A22D9F-BC42-49BC-BD9A-097CF184B2AC}.AppStore|ARM.Deploy.0 = Debug|Any CPU
		{23A22D9F-BC42-49BC-BD9A-097CF184B2AC}.AppStore|iPhone.ActiveCfg = Debug|Any CPU
		{23A22D9F-BC42-49BC-BD9A-097CF184B2AC}.AppStore|iPhone.Build.0 = Debug|Any CPU
		{23A22D9F-BC42-49BC-BD9A-097CF184B2AC}.AppStore|iPhone.Deploy.0 = Debug|Any CPU
		{23A22D9F-BC42-49BC-BD9A-097CF184B2AC}.AppStore|iPhoneSimulator.ActiveCfg = Debug|Any CPU
		{23A22D9F-BC42-49BC-BD9A-097CF184B2AC}.AppStore|iPhoneSimulator.Build.0 = Debug|Any CPU
		{23A22D9F-BC42-49BC-BD9A-097CF184B2AC}.AppStore|iPhoneSimulator.Deploy.0 = Debug|Any CPU
		{23A22D9F-BC42-49BC-BD9A-097CF184B2AC}.AppStore|x64.ActiveCfg = Debug|Any CPU
		{23A22D9F-BC42-49BC-BD9A-097CF184B2AC}.AppStore|x64.Build.0 = Debug|Any CPU
		{23A22D9F-BC42-49BC-BD9A-097CF184B2AC}.AppStore|x64.Deploy.0 = Debug|Any CPU
		{23A22D9F-BC42-49BC-BD9A-097CF184B2AC}.AppStore|x86.ActiveCfg = Debug|Any CPU
		{23A22D9F-BC42-49BC-BD9A-097CF184B2AC}.AppStore|x86.Build.0 = Debug|Any CPU
		{23A22D9F-BC42-49BC-BD9A-097CF184B2AC}.AppStore|x86.Deploy.0 = Debug|Any CPU
		{23A22D9F-BC42-49BC-BD9A-097CF184B2AC}.Debug|Any CPU.ActiveCfg = Debug|Any CPU
		{23A22D9F-BC42-49BC-BD9A-097CF184B2AC}.Debug|Any CPU.Build.0 = Debug|Any CPU
		{23A22D9F-BC42-49BC-BD9A-097CF184B2AC}.Debug|Any CPU.Deploy.0 = Debug|Any CPU
		{23A22D9F-BC42-49BC-BD9A-097CF184B2AC}.Debug|ARM.ActiveCfg = Debug|Any CPU
		{23A22D9F-BC42-49BC-BD9A-097CF184B2AC}.Debug|ARM.Build.0 = Debug|Any CPU
		{23A22D9F-BC42-49BC-BD9A-097CF184B2AC}.Debug|ARM.Deploy.0 = Debug|Any CPU
		{23A22D9F-BC42-49BC-BD9A-097CF184B2AC}.Debug|iPhone.ActiveCfg = Debug|Any CPU
		{23A22D9F-BC42-49BC-BD9A-097CF184B2AC}.Debug|iPhone.Build.0 = Debug|Any CPU
		{23A22D9F-BC42-49BC-BD9A-097CF184B2AC}.Debug|iPhone.Deploy.0 = Debug|Any CPU
		{23A22D9F-BC42-49BC-BD9A-097CF184B2AC}.Debug|iPhoneSimulator.ActiveCfg = Debug|Any CPU
		{23A22D9F-BC42-49BC-BD9A-097CF184B2AC}.Debug|iPhoneSimulator.Build.0 = Debug|Any CPU
		{23A22D9F-BC42-49BC-BD9A-097CF184B2AC}.Debug|iPhoneSimulator.Deploy.0 = Debug|Any CPU
		{23A22D9F-BC42-49BC-BD9A-097CF184B2AC}.Debug|x64.ActiveCfg = Debug|Any CPU
		{23A22D9F-BC42-49BC-BD9A-097CF184B2AC}.Debug|x64.Build.0 = Debug|Any CPU
		{23A22D9F-BC42-49BC-BD9A-097CF184B2AC}.Debug|x64.Deploy.0 = Debug|Any CPU
		{23A22D9F-BC42-49BC-BD9A-097CF184B2AC}.Debug|x86.ActiveCfg = Debug|Any CPU
		{23A22D9F-BC42-49BC-BD9A-097CF184B2AC}.Debug|x86.Build.0 = Debug|Any CPU
		{23A22D9F-BC42-49BC-BD9A-097CF184B2AC}.Debug|x86.Deploy.0 = Debug|Any CPU
		{23A22D9F-BC42-49BC-BD9A-097CF184B2AC}.Release|Any CPU.ActiveCfg = Release|Any CPU
		{23A22D9F-BC42-49BC-BD9A-097CF184B2AC}.Release|Any CPU.Build.0 = Release|Any CPU
		{23A22D9F-BC42-49BC-BD9A-097CF184B2AC}.Release|Any CPU.Deploy.0 = Release|Any CPU
		{23A22D9F-BC42-49BC-BD9A-097CF184B2AC}.Release|ARM.ActiveCfg = Release|Any CPU
		{23A22D9F-BC42-49BC-BD9A-097CF184B2AC}.Release|ARM.Build.0 = Release|Any CPU
		{23A22D9F-BC42-49BC-BD9A-097CF184B2AC}.Release|ARM.Deploy.0 = Release|Any CPU
		{23A22D9F-BC42-49BC-BD9A-097CF184B2AC}.Release|iPhone.ActiveCfg = Release|Any CPU
		{23A22D9F-BC42-49BC-BD9A-097CF184B2AC}.Release|iPhone.Build.0 = Release|Any CPU
		{23A22D9F-BC42-49BC-BD9A-097CF184B2AC}.Release|iPhone.Deploy.0 = Release|Any CPU
		{23A22D9F-BC42-49BC-BD9A-097CF184B2AC}.Release|iPhoneSimulator.ActiveCfg = Release|Any CPU
		{23A22D9F-BC42-49BC-BD9A-097CF184B2AC}.Release|iPhoneSimulator.Build.0 = Release|Any CPU
		{23A22D9F-BC42-49BC-BD9A-097CF184B2AC}.Release|iPhoneSimulator.Deploy.0 = Release|Any CPU
		{23A22D9F-BC42-49BC-BD9A-097CF184B2AC}.Release|x64.ActiveCfg = Release|Any CPU
		{23A22D9F-BC42-49BC-BD9A-097CF184B2AC}.Release|x64.Build.0 = Release|Any CPU
		{23A22D9F-BC42-49BC-BD9A-097CF184B2AC}.Release|x64.Deploy.0 = Release|Any CPU
		{23A22D9F-BC42-49BC-BD9A-097CF184B2AC}.Release|x86.ActiveCfg = Release|Any CPU
		{23A22D9F-BC42-49BC-BD9A-097CF184B2AC}.Release|x86.Build.0 = Release|Any CPU
		{23A22D9F-BC42-49BC-BD9A-097CF184B2AC}.Release|x86.Deploy.0 = Release|Any CPU
	EndGlobalSection
	GlobalSection(SolutionProperties) = preSolution
		HideSolutionNode = FALSE
	EndGlobalSection
	GlobalSection(ExtensibilityGlobals) = postSolution
		SolutionGuid = {11CE054F-289B-45C3-9165-299924113C7B}
	EndGlobalSection
EndGlobal
